Microsoft Visual Studio Solution File, Format Version 12.00
# Visual Studio Version 17
VisualStudioVersion = 17.5.2.0
MinimumVisualStudioVersion = 10.0.40219.1
Project("{FAE04EC0-301F-11D3-BF4B-00C04F79EFBC}") = "CourseApp", "CourseApp.csproj", "{6B43181F-6855-B23A-9E06-8C1E17DA195F}"
EndProject
Global
	GlobalSection(SolutionConfigurationPlatforms) = preSolution
		Debug|Any CPU = Debug|Any CPU
		Release|Any CPU = Release|Any CPU
	EndGlobalSection
	GlobalSection(ProjectConfigurationPlatforms) = postSolution
		{6B43181F-6855-B23A-9E06-8C1E17DA195F}.Debug|Any CPU.ActiveCfg = Debug|Any CPU
		{6B43181F-6855-B23A-9E06-8C1E17DA195F}.Debug|Any CPU.Build.0 = Debug|Any CPU
		{6B43181F-6855-B23A-9E06-8C1E17DA195F}.Release|Any CPU.ActiveCfg = Release|Any CPU
		{6B43181F-6855-B23A-9E06-8C1E17DA195F}.Release|Any CPU.Build.0 = Release|Any CPU
	EndGlobalSection
	GlobalSection(SolutionProperties) = preSolution
		HideSolutionNode = FALSE
	EndGlobalSection
	GlobalSection(ExtensibilityGlobals) = postSolution
		SolutionGuid = {28C2A0A6-0C8B-44CF-B15B-06D228B899EE}
	EndGlobalSection
EndGlobal
